
Microsoft Visual Studio Solution File, Format Version 12.00
# Visual Studio 14
VisualStudioVersion = 14.0.25420.1
MinimumVisualStudioVersion = 10.0.40219.1
Project("{2150E333-8FDC-42A3-9474-1A3956D46DE8}") = "Presentation", "Presentation", "{346CECE6-372F-489A-94D6-33EA60D7BDE5}"
EndProject
Project("{FAE04EC0-301F-11D3-BF4B-00C04F79EFBC}") = "VIMS.Web", "VIMS.Web\VIMS.Web.csproj", "{C478DE0F-1E88-4D0D-9AED-E2365BE918AF}"
EndProject
Project("{2150E333-8FDC-42A3-9474-1A3956D46DE8}") = "VIMS.LiveVideoSDK", "VIMS.LiveVideoSDK", "{0EE55789-77CE-4756-8DC8-19BDBDB9B72A}"
EndProject
Project("{FAE04EC0-301F-11D3-BF4B-00C04F79EFBC}") = "VIMS.LiveVideoSDK.Bll", "VIMS.LiveVideoSDK\VIMS.LiveVideoSDK.Bll\VIMS.LiveVideoSDK.Bll.csproj", "{82B45402-832B-4CE6-92BB-570F7A3183F3}"
EndProject
Project("{FAE04EC0-301F-11D3-BF4B-00C04F79EFBC}") = "VIMS.LiveVideoSDK.Core", "VIMS.LiveVideoSDK\VIMS.LiveVideoSDK.Core\VIMS.LiveVideoSDK.Core.csproj", "{BA039F4B-F629-490D-AB02-F9B3ED218E37}"
EndProject
Project("{FAE04EC0-301F-11D3-BF4B-00C04F79EFBC}") = "VIMS.LiveVideoSDK.Model", "VIMS.LiveVideoSDK\VIMS.LiveVideoSDK.Model\VIMS.LiveVideoSDK.Model.csproj", "{9F75E2B0-8DD4-42F5-832C-1C02A66F678F}"
EndProject
Project("{FAE04EC0-301F-11D3-BF4B-00C04F79EFBC}") = "VIMS.LiveVideoSDK.Test", "VIMS.LiveVideoSDK\VIMS.LiveVideoSDK.Test\VIMS.LiveVideoSDK.Test.csproj", "{5D30FA3E-BA9A-4CB3-941D-1425919115DF}"
EndProject
Project("{2150E333-8FDC-42A3-9474-1A3956D46DE8}") = "VIMS.Cms", "VIMS.Cms", "{C53CDBEE-C995-4BF7-8117-14E33FD23A09}"
EndProject
Project("{FAE04EC0-301F-11D3-BF4B-00C04F79EFBC}") = "GRGcms.Web.UI", "VIMS.Cms\GRGcms.Web.UI\GRGcms.Web.UI.csproj", "{091D59DA-1EDB-4325-984D-F3B5547F781E}"
EndProject
Project("{FAE04EC0-301F-11D3-BF4B-00C04F79EFBC}") = "GRGcms.Web", "VIMS.Cms\GRGcms.Web\GRGcms.Web.csproj", "{9CC47411-6931-4106-8A34-FB46D26AA8D1}"
EndProject
Project("{FAE04EC0-301F-11D3-BF4B-00C04F79EFBC}") = "GRGcms.Model", "VIMS.Cms\GRGcms.Model\GRGcms.Model.csproj", "{2BBC90CB-5D42-4F0F-BF96-4DA42F4DDB39}"
EndProject
Project("{FAE04EC0-301F-11D3-BF4B-00C04F79EFBC}") = "GRGcms.DBUtility", "VIMS.Cms\GRGcms.DBUtility\GRGcms.DBUtility.csproj", "{E9FE3D7F-2FB9-4C49-9A67-2843EC82EBE9}"
EndProject
Project("{FAE04EC0-301F-11D3-BF4B-00C04F79EFBC}") = "GRGcms.DAL", "VIMS.Cms\GRGcms.DAL\GRGcms.DAL.csproj", "{47CBAEAD-C247-47B5-8FD7-DDF548A7C812}"
EndProject
Project("{FAE04EC0-301F-11D3-BF4B-00C04F79EFBC}") = "GRGcms.Common", "VIMS.Cms\GRGcms.Common\GRGcms.Common.csproj", "{408686E7-0249-4899-85E0-77ACA8F9F07F}"
EndProject
Project("{FAE04EC0-301F-11D3-BF4B-00C04F79EFBC}") = "GRGcms.BLL", "VIMS.Cms\GRGcms.BLL\GRGcms.BLL.csproj", "{73366DEF-CD64-45BF-B887-C37EA39BE824}"
EndProject
Project("{FAE04EC0-301F-11D3-BF4B-00C04F79EFBC}") = "VIMS.Log.Web", "VIMS.Log.Web\VIMS.Log.Web.csproj", "{9CEF47A0-D45C-4B36-9AAD-FA81A2AA9CF1}"
EndProject
Global
	GlobalSection(SolutionConfigurationPlatforms) = preSolution
		Debug|Any CPU = Debug|Any CPU
		Debug|x86 = Debug|x86
		EmailValidator|Any CPU = EmailValidator|Any CPU
		EmailValidator|x86 = EmailValidator|x86
		Publish|Any CPU = Publish|Any CPU
		Publish|x86 = Publish|x86
		Release|Any CPU = Release|Any CPU
		Release|x86 = Release|x86
	EndGlobalSection
	GlobalSection(ProjectConfigurationPlatforms) = postSolution
		{C478DE0F-1E88-4D0D-9AED-E2365BE918AF}.Debug|Any CPU.ActiveCfg = Debug|Any CPU
		{C478DE0F-1E88-4D0D-9AED-E2365BE918AF}.Debug|Any CPU.Build.0 = Debug|Any CPU
		{C478DE0F-1E88-4D0D-9AED-E2365BE918AF}.Debug|x86.ActiveCfg = Debug|Any CPU
		{C478DE0F-1E88-4D0D-9AED-E2365BE918AF}.EmailValidator|Any CPU.ActiveCfg = Release|Any CPU
		{C478DE0F-1E88-4D0D-9AED-E2365BE918AF}.EmailValidator|Any CPU.Build.0 = Release|Any CPU
		{C478DE0F-1E88-4D0D-9AED-E2365BE918AF}.EmailValidator|x86.ActiveCfg = Release|Any CPU
		{C478DE0F-1E88-4D0D-9AED-E2365BE918AF}.Publish|Any CPU.ActiveCfg = Release|Any CPU
		{C478DE0F-1E88-4D0D-9AED-E2365BE918AF}.Publish|Any CPU.Build.0 = Release|Any CPU
		{C478DE0F-1E88-4D0D-9AED-E2365BE918AF}.Publish|x86.ActiveCfg = Release|Any CPU
		{C478DE0F-1E88-4D0D-9AED-E2365BE918AF}.Release|Any CPU.ActiveCfg = Release|Any CPU
		{C478DE0F-1E88-4D0D-9AED-E2365BE918AF}.Release|Any CPU.Build.0 = Release|Any CPU
		{C478DE0F-1E88-4D0D-9AED-E2365BE918AF}.Release|x86.ActiveCfg = Release|Any CPU
		{82B45402-832B-4CE6-92BB-570F7A3183F3}.Debug|Any CPU.ActiveCfg = Debug|Any CPU
		{82B45402-832B-4CE6-92BB-570F7A3183F3}.Debug|Any CPU.Build.0 = Debug|Any CPU
		{82B45402-832B-4CE6-92BB-570F7A3183F3}.Debug|x86.ActiveCfg = Debug|Any CPU
		{82B45402-832B-4CE6-92BB-570F7A3183F3}.EmailValidator|Any CPU.ActiveCfg = Release|Any CPU
		{82B45402-832B-4CE6-92BB-570F7A3183F3}.EmailValidator|Any CPU.Build.0 = Release|Any CPU
		{82B45402-832B-4CE6-92BB-570F7A3183F3}.EmailValidator|x86.ActiveCfg = Release|Any CPU
		{82B45402-832B-4CE6-92BB-570F7A3183F3}.Publish|Any CPU.ActiveCfg = Release|Any CPU
		{82B45402-832B-4CE6-92BB-570F7A3183F3}.Publish|Any CPU.Build.0 = Release|Any CPU
		{82B45402-832B-4CE6-92BB-570F7A3183F3}.Publish|x86.ActiveCfg = Release|Any CPU
		{82B45402-832B-4CE6-92BB-570F7A3183F3}.Release|Any CPU.ActiveCfg = Release|Any CPU
		{82B45402-832B-4CE6-92BB-570F7A3183F3}.Release|Any CPU.Build.0 = Release|Any CPU
		{82B45402-832B-4CE6-92BB-570F7A3183F3}.Release|x86.ActiveCfg = Release|Any CPU
		{BA039F4B-F629-490D-AB02-F9B3ED218E37}.Debug|Any CPU.ActiveCfg = Debug|Any CPU
		{BA039F4B-F629-490D-AB02-F9B3ED218E37}.Debug|Any CPU.Build.0 = Debug|Any CPU
		{BA039F4B-F629-490D-AB02-F9B3ED218E37}.Debug|x86.ActiveCfg = Debug|Any CPU
		{BA039F4B-F629-490D-AB02-F9B3ED218E37}.EmailValidator|Any CPU.ActiveCfg = Release|Any CPU
		{BA039F4B-F629-490D-AB02-F9B3ED218E37}.EmailValidator|Any CPU.Build.0 = Release|Any CPU
		{BA039F4B-F629-490D-AB02-F9B3ED218E37}.EmailValidator|x86.ActiveCfg = Release|Any CPU
		{BA039F4B-F629-490D-AB02-F9B3ED218E37}.Publish|Any CPU.ActiveCfg = Release|Any CPU
		{BA039F4B-F629-490D-AB02-F9B3ED218E37}.Publish|Any CPU.Build.0 = Release|Any CPU
		{BA039F4B-F629-490D-AB02-F9B3ED218E37}.Publish|x86.ActiveCfg = Release|Any CPU
		{BA039F4B-F629-490D-AB02-F9B3ED218E37}.Release|Any CPU.ActiveCfg = Release|Any CPU
		{BA039F4B-F629-490D-AB02-F9B3ED218E37}.Release|Any CPU.Build.0 = Release|Any CPU
		{BA039F4B-F629-490D-AB02-F9B3ED218E37}.Release|x86.ActiveCfg = Release|Any CPU
		{9F75E2B0-8DD4-42F5-832C-1C02A66F678F}.Debug|Any CPU.ActiveCfg = Debug|Any CPU
		{9F75E2B0-8DD4-42F5-832C-1C02A66F678F}.Debug|Any CPU.Build.0 = Debug|Any CPU
		{9F75E2B0-8DD4-42F5-832C-1C02A66F678F}.Debug|x86.ActiveCfg = Debug|Any CPU
		{9F75E2B0-8DD4-42F5-832C-1C02A66F678F}.EmailValidator|Any CPU.ActiveCfg = Release|Any CPU
		{9F75E2B0-8DD4-42F5-832C-1C02A66F678F}.EmailValidator|Any CPU.Build.0 = Release|Any CPU
		{9F75E2B0-8DD4-42F5-832C-1C02A66F678F}.EmailValidator|x86.ActiveCfg = Release|Any CPU
		{9F75E2B0-8DD4-42F5-832C-1C02A66F678F}.Publish|Any CPU.ActiveCfg = Release|Any CPU
		{9F75E2B0-8DD4-42F5-832C-1C02A66F678F}.Publish|Any CPU.Build.0 = Release|Any CPU
		{9F75E2B0-8DD4-42F5-832C-1C02A66F678F}.Publish|x86.ActiveCfg = Release|Any CPU
		{9F75E2B0-8DD4-42F5-832C-1C02A66F678F}.Release|Any CPU.ActiveCfg = Release|Any CPU
		{9F75E2B0-8DD4-42F5-832C-1C02A66F678F}.Release|Any CPU.Build.0 = Release|Any CPU
		{9F75E2B0-8DD4-42F5-832C-1C02A66F678F}.Release|x86.ActiveCfg = Release|Any CPU
		{5D30FA3E-BA9A-4CB3-941D-1425919115DF}.Debug|Any CPU.ActiveCfg = Debug|Any CPU
		{5D30FA3E-BA9A-4CB3-941D-1425919115DF}.Debug|Any CPU.Build.0 = Debug|Any CPU
		{5D30FA3E-BA9A-4CB3-941D-1425919115DF}.Debug|x86.ActiveCfg = Debug|Any CPU
		{5D30FA3E-BA9A-4CB3-941D-1425919115DF}.EmailValidator|Any CPU.ActiveCfg = Release|Any CPU
		{5D30FA3E-BA9A-4CB3-941D-1425919115DF}.EmailValidator|Any CPU.Build.0 = Release|Any CPU
		{5D30FA3E-BA9A-4CB3-941D-1425919115DF}.EmailValidator|x86.ActiveCfg = Release|Any CPU
		{5D30FA3E-BA9A-4CB3-941D-1425919115DF}.Publish|Any CPU.ActiveCfg = Release|Any CPU
		{5D30FA3E-BA9A-4CB3-941D-1425919115DF}.Publish|Any CPU.Build.0 = Release|Any CPU
		{5D30FA3E-BA9A-4CB3-941D-1425919115DF}.Publish|x86.ActiveCfg = Release|Any CPU
		{5D30FA3E-BA9A-4CB3-941D-1425919115DF}.Release|Any CPU.ActiveCfg = Release|Any CPU
		{5D30FA3E-BA9A-4CB3-941D-1425919115DF}.Release|Any CPU.Build.0 = Release|Any CPU
		{5D30FA3E-BA9A-4CB3-941D-1425919115DF}.Release|x86.ActiveCfg = Release|Any CPU
		{091D59DA-1EDB-4325-984D-F3B5547F781E}.Debug|Any CPU.ActiveCfg = Debug|Any CPU
		{091D59DA-1EDB-4325-984D-F3B5547F781E}.Debug|Any CPU.Build.0 = Debug|Any CPU
		{091D59DA-1EDB-4325-984D-F3B5547F781E}.Debug|x86.ActiveCfg = Debug|Any CPU
		{091D59DA-1EDB-4325-984D-F3B5547F781E}.Debug|x86.Build.0 = Debug|Any CPU
		{091D59DA-1EDB-4325-984D-F3B5547F781E}.EmailValidator|Any CPU.ActiveCfg = Release|Any CPU
		{091D59DA-1EDB-4325-984D-F3B5547F781E}.EmailValidator|Any CPU.Build.0 = Release|Any CPU
		{091D59DA-1EDB-4325-984D-F3B5547F781E}.EmailValidator|x86.ActiveCfg = Release|Any CPU
		{091D59DA-1EDB-4325-984D-F3B5547F781E}.EmailValidator|x86.Build.0 = Release|Any CPU
		{091D59DA-1EDB-4325-984D-F3B5547F781E}.Publish|Any CPU.ActiveCfg = Release|Any CPU
		{091D59DA-1EDB-4325-984D-F3B5547F781E}.Publish|Any CPU.Build.0 = Release|Any CPU
		{091D59DA-1EDB-4325-984D-F3B5547F781E}.Publish|x86.ActiveCfg = Release|Any CPU
		{091D59DA-1EDB-4325-984D-F3B5547F781E}.Publish|x86.Build.0 = Release|Any CPU
		{091D59DA-1EDB-4325-984D-F3B5547F781E}.Release|Any CPU.ActiveCfg = Release|Any CPU
		{091D59DA-1EDB-4325-984D-F3B5547F781E}.Release|Any CPU.Build.0 = Release|Any CPU
		{091D59DA-1EDB-4325-984D-F3B5547F781E}.Release|x86.ActiveCfg = Release|Any CPU
		{091D59DA-1EDB-4325-984D-F3B5547F781E}.Release|x86.Build.0 = Release|Any CPU
		{9CC47411-6931-4106-8A34-FB46D26AA8D1}.Debug|Any CPU.ActiveCfg = Debug|Any CPU
		{9CC47411-6931-4106-8A34-FB46D26AA8D1}.Debug|Any CPU.Build.0 = Debug|Any CPU
		{9CC47411-6931-4106-8A34-FB46D26AA8D1}.Debug|x86.ActiveCfg = Debug|Any CPU
		{9CC47411-6931-4106-8A34-FB46D26AA8D1}.Debug|x86.Build.0 = Debug|Any CPU
		{9CC47411-6931-4106-8A34-FB46D26AA8D1}.EmailValidator|Any CPU.ActiveCfg = Release|Any CPU
		{9CC47411-6931-4106-8A34-FB46D26AA8D1}.EmailValidator|Any CPU.Build.0 = Release|Any CPU
		{9CC47411-6931-4106-8A34-FB46D26AA8D1}.EmailValidator|x86.ActiveCfg = Release|Any CPU
		{9CC47411-6931-4106-8A34-FB46D26AA8D1}.EmailValidator|x86.Build.0 = Release|Any CPU
		{9CC47411-6931-4106-8A34-FB46D26AA8D1}.Publish|Any CPU.ActiveCfg = Release|Any CPU
		{9CC47411-6931-4106-8A34-FB46D26AA8D1}.Publish|Any CPU.Build.0 = Release|Any CPU
		{9CC47411-6931-4106-8A34-FB46D26AA8D1}.Publish|x86.ActiveCfg = Release|Any CPU
		{9CC47411-6931-4106-8A34-FB46D26AA8D1}.Publish|x86.Build.0 = Release|Any CPU
		{9CC47411-6931-4106-8A34-FB46D26AA8D1}.Release|Any CPU.ActiveCfg = Release|Any CPU
		{9CC47411-6931-4106-8A34-FB46D26AA8D1}.Release|Any CPU.Build.0 = Release|Any CPU
		{9CC47411-6931-4106-8A34-FB46D26AA8D1}.Release|x86.ActiveCfg = Release|Any CPU
		{9CC47411-6931-4106-8A34-FB46D26AA8D1}.Release|x86.Build.0 = Release|Any CPU
		{2BBC90CB-5D42-4F0F-BF96-4DA42F4DDB39}.Debug|Any CPU.ActiveCfg = Debug|Any CPU
		{2BBC90CB-5D42-4F0F-BF96-4DA42F4DDB39}.Debug|Any CPU.Build.0 = Debug|Any CPU
		{2BBC90CB-5D42-4F0F-BF96-4DA42F4DDB39}.Debug|x86.ActiveCfg = Debug|Any CPU
		{2BBC90CB-5D42-4F0F-BF96-4DA42F4DDB39}.Debug|x86.Build.0 = Debug|Any CPU
		{2BBC90CB-5D42-4F0F-BF96-4DA42F4DDB39}.EmailValidator|Any CPU.ActiveCfg = Release|Any CPU
		{2BBC90CB-5D42-4F0F-BF96-4DA42F4DDB39}.EmailValidator|Any CPU.Build.0 = Release|Any CPU
		{2BBC90CB-5D42-4F0F-BF96-4DA42F4DDB39}.EmailValidator|x86.ActiveCfg = Release|Any CPU
		{2BBC90CB-5D42-4F0F-BF96-4DA42F4DDB39}.EmailValidator|x86.Build.0 = Release|Any CPU
		{2BBC90CB-5D42-4F0F-BF96-4DA42F4DDB39}.Publish|Any CPU.ActiveCfg = Release|Any CPU
		{2BBC90CB-5D42-4F0F-BF96-4DA42F4DDB39}.Publish|Any CPU.Build.0 = Release|Any CPU
		{2BBC90CB-5D42-4F0F-BF96-4DA42F4DDB39}.Publish|x86.ActiveCfg = Release|Any CPU
		{2BBC90CB-5D42-4F0F-BF96-4DA42F4DDB39}.Publish|x86.Build.0 = Release|Any CPU
		{2BBC90CB-5D42-4F0F-BF96-4DA42F4DDB39}.Release|Any CPU.ActiveCfg = Release|Any CPU
		{2BBC90CB-5D42-4F0F-BF96-4DA42F4DDB39}.Release|Any CPU.Build.0 = Release|Any CPU
		{2BBC90CB-5D42-4F0F-BF96-4DA42F4DDB39}.Release|x86.ActiveCfg = Release|Any CPU
		{2BBC90CB-5D42-4F0F-BF96-4DA42F4DDB39}.Release|x86.Build.0 = Release|Any CPU
		{E9FE3D7F-2FB9-4C49-9A67-2843EC82EBE9}.Debug|Any CPU.ActiveCfg = Debug|Any CPU
		{E9FE3D7F-2FB9-4C49-9A67-2843EC82EBE9}.Debug|Any CPU.Build.0 = Debug|Any CPU
		{E9FE3D7F-2FB9-4C49-9A67-2843EC82EBE9}.Debug|x86.ActiveCfg = Debug|Any CPU
		{E9FE3D7F-2FB9-4C49-9A67-2843EC82EBE9}.Debug|x86.Build.0 = Debug|Any CPU
		{E9FE3D7F-2FB9-4C49-9A67-2843EC82EBE9}.EmailValidator|Any CPU.ActiveCfg = Release|Any CPU
		{E9FE3D7F-2FB9-4C49-9A67-2843EC82EBE9}.EmailValidator|Any CPU.Build.0 = Release|Any CPU
		{E9FE3D7F-2FB9-4C49-9A67-2843EC82EBE9}.EmailValidator|x86.ActiveCfg = Release|Any CPU
		{E9FE3D7F-2FB9-4C49-9A67-2843EC82EBE9}.EmailValidator|x86.Build.0 = Release|Any CPU
		{E9FE3D7F-2FB9-4C49-9A67-2843EC82EBE9}.Publish|Any CPU.ActiveCfg = Release|Any CPU
		{E9FE3D7F-2FB9-4C49-9A67-2843EC82EBE9}.Publish|Any CPU.Build.0 = Release|Any CPU
		{E9FE3D7F-2FB9-4C49-9A67-2843EC82EBE9}.Publish|x86.ActiveCfg = Release|Any CPU
		{E9FE3D7F-2FB9-4C49-9A67-2843EC82EBE9}.Publish|x86.Build.0 = Release|Any CPU
		{E9FE3D7F-2FB9-4C49-9A67-2843EC82EBE9}.Release|Any CPU.ActiveCfg = Release|Any CPU
		{E9FE3D7F-2FB9-4C49-9A67-2843EC82EBE9}.Release|Any CPU.Build.0 = Release|Any CPU
		{E9FE3D7F-2FB9-4C49-9A67-2843EC82EBE9}.Release|x86.ActiveCfg = Release|Any CPU
		{E9FE3D7F-2FB9-4C49-9A67-2843EC82EBE9}.Release|x86.Build.0 = Release|Any CPU
		{47CBAEAD-C247-47B5-8FD7-DDF548A7C812}.Debug|Any CPU.ActiveCfg = Debug|Any CPU
		{47CBAEAD-C247-47B5-8FD7-DDF548A7C812}.Debug|Any CPU.Build.0 = Debug|Any CPU
		{47CBAEAD-C247-47B5-8FD7-DDF548A7C812}.Debug|x86.ActiveCfg = Debug|Any CPU
		{47CBAEAD-C247-47B5-8FD7-DDF548A7C812}.Debug|x86.Build.0 = Debug|Any CPU
		{47CBAEAD-C247-47B5-8FD7-DDF548A7C812}.EmailValidator|Any CPU.ActiveCfg = Release|Any CPU
		{47CBAEAD-C247-47B5-8FD7-DDF548A7C812}.EmailValidator|Any CPU.Build.0 = Release|Any CPU
		{47CBAEAD-C247-47B5-8FD7-DDF548A7C812}.EmailValidator|x86.ActiveCfg = Release|Any CPU
		{47CBAEAD-C247-47B5-8FD7-DDF548A7C812}.EmailValidator|x86.Build.0 = Release|Any CPU
		{47CBAEAD-C247-47B5-8FD7-DDF548A7C812}.Publish|Any CPU.ActiveCfg = Release|Any CPU
		{47CBAEAD-C247-47B5-8FD7-DDF548A7C812}.Publish|Any CPU.Build.0 = Release|Any CPU
		{47CBAEAD-C247-47B5-8FD7-DDF548A7C812}.Publish|x86.ActiveCfg = Release|Any CPU
		{47CBAEAD-C247-47B5-8FD7-DDF548A7C812}.Publish|x86.Build.0 = Release|Any CPU
		{47CBAEAD-C247-47B5-8FD7-DDF548A7C812}.Release|Any CPU.ActiveCfg = Release|Any CPU
		{47CBAEAD-C247-47B5-8FD7-DDF548A7C812}.Release|Any CPU.Build.0 = Release|Any CPU
		{47CBAEAD-C247-47B5-8FD7-DDF548A7C812}.Release|x86.ActiveCfg = Release|Any CPU
		{47CBAEAD-C247-47B5-8FD7-DDF548A7C812}.Release|x86.Build.0 = Release|Any CPU
		{408686E7-0249-4899-85E0-77ACA8F9F07F}.Debug|Any CPU.ActiveCfg = Debug|Any CPU
		{408686E7-0249-4899-85E0-77ACA8F9F07F}.Debug|Any CPU.Build.0 = Debug|Any CPU
		{408686E7-0249-4899-85E0-77ACA8F9F07F}.Debug|x86.ActiveCfg = Debug|Any CPU
		{408686E7-0249-4899-85E0-77ACA8F9F07F}.Debug|x86.Build.0 = Debug|Any CPU
		{408686E7-0249-4899-85E0-77ACA8F9F07F}.EmailValidator|Any CPU.ActiveCfg = Release|Any CPU
		{408686E7-0249-4899-85E0-77ACA8F9F07F}.EmailValidator|Any CPU.Build.0 = Release|Any CPU
		{408686E7-0249-4899-85E0-77ACA8F9F07F}.EmailValidator|x86.ActiveCfg = Release|Any CPU
		{408686E7-0249-4899-85E0-77ACA8F9F07F}.EmailValidator|x86.Build.0 = Release|Any CPU
		{408686E7-0249-4899-85E0-77ACA8F9F07F}.Publish|Any CPU.ActiveCfg = Release|Any CPU
		{408686E7-0249-4899-85E0-77ACA8F9F07F}.Publish|Any CPU.Build.0 = Release|Any CPU
		{408686E7-0249-4899-85E0-77ACA8F9F07F}.Publish|x86.ActiveCfg = Release|Any CPU
		{408686E7-0249-4899-85E0-77ACA8F9F07F}.Publish|x86.Build.0 = Release|Any CPU
		{408686E7-0249-4899-85E0-77ACA8F9F07F}.Release|Any CPU.ActiveCfg = Release|Any CPU
		{408686E7-0249-4899-85E0-77ACA8F9F07F}.Release|Any CPU.Build.0 = Release|Any CPU
		{408686E7-0249-4899-85E0-77ACA8F9F07F}.Release|x86.ActiveCfg = Release|Any CPU
		{408686E7-0249-4899-85E0-77ACA8F9F07F}.Release|x86.Build.0 = Release|Any CPU
		{73366DEF-CD64-45BF-B887-C37EA39BE824}.Debug|Any CPU.ActiveCfg = Debug|Any CPU
		{73366DEF-CD64-45BF-B887-C37EA39BE824}.Debug|Any CPU.Build.0 = Debug|Any CPU
		{73366DEF-CD64-45BF-B887-C37EA39BE824}.Debug|x86.ActiveCfg = Debug|Any CPU
		{73366DEF-CD64-45BF-B887-C37EA39BE824}.Debug|x86.Build.0 = Debug|Any CPU
		{73366DEF-CD64-45BF-B887-C37EA39BE824}.EmailValidator|Any CPU.ActiveCfg = Release|Any CPU
		{73366DEF-CD64-45BF-B887-C37EA39BE824}.EmailValidator|Any CPU.Build.0 = Release|Any CPU
		{73366DEF-CD64-45BF-B887-C37EA39BE824}.EmailValidator|x86.ActiveCfg = Release|Any CPU
		{73366DEF-CD64-45BF-B887-C37EA39BE824}.EmailValidator|x86.Build.0 = Release|Any CPU
		{73366DEF-CD64-45BF-B887-C37EA39BE824}.Publish|Any CPU.ActiveCfg = Release|Any CPU
		{73366DEF-CD64-45BF-B887-C37EA39BE824}.Publish|Any CPU.Build.0 = Release|Any CPU
		{73366DEF-CD64-45BF-B887-C37EA39BE824}.Publish|x86.ActiveCfg = Release|Any CPU
		{73366DEF-CD64-45BF-B887-C37EA39BE824}.Publish|x86.Build.0 = Release|Any CPU
		{73366DEF-CD64-45BF-B887-C37EA39BE824}.Release|Any CPU.ActiveCfg = Release|Any CPU
		{73366DEF-CD64-45BF-B887-C37EA39BE824}.Release|Any CPU.Build.0 = Release|Any CPU
		{73366DEF-CD64-45BF-B887-C37EA39BE824}.Release|x86.ActiveCfg = Release|Any CPU
		{73366DEF-CD64-45BF-B887-C37EA39BE824}.Release|x86.Build.0 = Release|Any CPU
		{9CEF47A0-D45C-4B36-9AAD-FA81A2AA9CF1}.Debug|Any CPU.ActiveCfg = Debug|Any CPU
		{9CEF47A0-D45C-4B36-9AAD-FA81A2AA9CF1}.Debug|Any CPU.Build.0 = Debug|Any CPU
		{9CEF47A0-D45C-4B36-9AAD-FA81A2AA9CF1}.Debug|x86.ActiveCfg = Debug|Any CPU
		{9CEF47A0-D45C-4B36-9AAD-FA81A2AA9CF1}.Debug|x86.Build.0 = Debug|Any CPU
		{9CEF47A0-D45C-4B36-9AAD-FA81A2AA9CF1}.EmailValidator|Any CPU.ActiveCfg = Release|Any CPU
		{9CEF47A0-D45C-4B36-9AAD-FA81A2AA9CF1}.EmailValidator|Any CPU.Build.0 = Release|Any CPU
		{9CEF47A0-D45C-4B36-9AAD-FA81A2AA9CF1}.EmailValidator|x86.ActiveCfg = Release|Any CPU
		{9CEF47A0-D45C-4B36-9AAD-FA81A2AA9CF1}.EmailValidator|x86.Build.0 = Release|Any CPU
		{9CEF47A0-D45C-4B36-9AAD-FA81A2AA9CF1}.Publish|Any CPU.ActiveCfg = Release|Any CPU
		{9CEF47A0-D45C-4B36-9AAD-FA81A2AA9CF1}.Publish|Any CPU.Build.0 = Release|Any CPU
		{9CEF47A0-D45C-4B36-9AAD-FA81A2AA9CF1}.Publish|x86.ActiveCfg = Release|Any CPU
		{9CEF47A0-D45C-4B36-9AAD-FA81A2AA9CF1}.Publish|x86.Build.0 = Release|Any CPU
		{9CEF47A0-D45C-4B36-9AAD-FA81A2AA9CF1}.Release|Any CPU.ActiveCfg = Release|Any CPU
		{9CEF47A0-D45C-4B36-9AAD-FA81A2AA9CF1}.Release|Any CPU.Build.0 = Release|Any CPU
		{9CEF47A0-D45C-4B36-9AAD-FA81A2AA9CF1}.Release|x86.ActiveCfg = Release|Any CPU
		{9CEF47A0-D45C-4B36-9AAD-FA81A2AA9CF1}.Release|x86.Build.0 = Release|Any CPU
	EndGlobalSection
	GlobalSection(SolutionProperties) = preSolution
		HideSolutionNode = FALSE
	EndGlobalSection
	GlobalSection(NestedProjects) = preSolution
		{C478DE0F-1E88-4D0D-9AED-E2365BE918AF} = {346CECE6-372F-489A-94D6-33EA60D7BDE5}
		{82B45402-832B-4CE6-92BB-570F7A3183F3} = {0EE55789-77CE-4756-8DC8-19BDBDB9B72A}
		{BA039F4B-F629-490D-AB02-F9B3ED218E37} = {0EE55789-77CE-4756-8DC8-19BDBDB9B72A}
		{9F75E2B0-8DD4-42F5-832C-1C02A66F678F} = {0EE55789-77CE-4756-8DC8-19BDBDB9B72A}
		{5D30FA3E-BA9A-4CB3-941D-1425919115DF} = {0EE55789-77CE-4756-8DC8-19BDBDB9B72A}
		{091D59DA-1EDB-4325-984D-F3B5547F781E} = {C53CDBEE-C995-4BF7-8117-14E33FD23A09}
		{9CC47411-6931-4106-8A34-FB46D26AA8D1} = {C53CDBEE-C995-4BF7-8117-14E33FD23A09}
		{2BBC90CB-5D42-4F0F-BF96-4DA42F4DDB39} = {C53CDBEE-C995-4BF7-8117-14E33FD23A09}
		{E9FE3D7F-2FB9-4C49-9A67-2843EC82EBE9} = {C53CDBEE-C995-4BF7-8117-14E33FD23A09}
		{47CBAEAD-C247-47B5-8FD7-DDF548A7C812} = {C53CDBEE-C995-4BF7-8117-14E33FD23A09}
		{408686E7-0249-4899-85E0-77ACA8F9F07F} = {C53CDBEE-C995-4BF7-8117-14E33FD23A09}
		{73366DEF-CD64-45BF-B887-C37EA39BE824} = {C53CDBEE-C995-4BF7-8117-14E33FD23A09}
	EndGlobalSection
	GlobalSection(ExtensibilityGlobals) = postSolution
		SolutionGuid = {8AA14902-7408-49D7-A975-B99CF96DC55E}
	EndGlobalSection
EndGlobal
